
Microsoft Visual Studio Solution File, Format Version 12.00
# Visual Studio Version 17
VisualStudioVersion = 17.13.35931.197
MinimumVisualStudioVersion = 10.0.40219.1
Project("{FAE04EC0-301F-11D3-BF4B-00C04F79EFBC}") = "CinemaApp", "CinemaApp\CinemaApp.csproj", "{F64BD7F6-739F-4851-9AB9-FE95988A878B}"
EndProject
Project("{2150E333-8FDC-42A3-9474-1A3956D46DE8}") = "Solution Items", "Solution Items", "{8EC462FD-D22E-90A8-E5CE-7E832BA40C5D}"
EndProject
Global
	GlobalSection(SolutionConfigurationPlatforms) = preSolution
		Debug|Any CPU = Debug|Any CPU
		Release|Any CPU = Release|Any CPU
	EndGlobalSection
	GlobalSection(ProjectConfigurationPlatforms) = postSolution
		{F64BD7F6-739F-4851-9AB9-FE95988A878B}.Debug|Any CPU.ActiveCfg = Debug|Any CPU
		{F64BD7F6-739F-4851-9AB9-FE95988A878B}.Debug|Any CPU.Build.0 = Debug|Any CPU
		{F64BD7F6-739F-4851-9AB9-FE95988A878B}.Release|Any CPU.ActiveCfg = Release|Any CPU
		{F64BD7F6-739F-4851-9AB9-FE95988A878B}.Release|Any CPU.Build.0 = Release|Any CPU
	EndGlobalSection
	GlobalSection(SolutionProperties) = preSolution
		HideSolutionNode = FALSE
	EndGlobalSection
	GlobalSection(ExtensibilityGlobals) = postSolution
		SolutionGuid = {FB71C917-8462-41AA-B405-6E138D92813A}
	EndGlobalSection
EndGlobal
